
Microsoft Visual Studio Solution File, Format Version 12.00
# Visual Studio Version 16
VisualStudioVersion = 16.0.29418.71
MinimumVisualStudioVersion = 10.0.40219.1
Project("{9A19103F-16F7-4668-BE54-9A1E7A4F7556}") = "FreemiumTraining.Business", "FreemiumTraining.Business\FreemiumTraining.Business.csproj", "{1FFBDD85-4902-444A-B0EA-2D304EC2232E}"
EndProject
Project("{9A19103F-16F7-4668-BE54-9A1E7A4F7556}") = "FreemiumTraining.Data", "FreemiumTraining.Data\FreemiumTraining.Data.csproj", "{8B5BC6C5-A03D-4F4E-BB5C-79B72C8463DF}"
EndProject
Project("{9A19103F-16F7-4668-BE54-9A1E7A4F7556}") = "FreemiumTraining.Presentation", "FreemiumTraining.Presentation\FreemiumTraining.Presentation.csproj", "{DA41D0A1-05FF-4F63-8A58-1702D1A79034}"
EndProject
Global
	GlobalSection(SolutionConfigurationPlatforms) = preSolution
		Debug|Any CPU = Debug|Any CPU
		Release|Any CPU = Release|Any CPU
	EndGlobalSection
	GlobalSection(ProjectConfigurationPlatforms) = postSolution
		{1FFBDD85-4902-444A-B0EA-2D304EC2232E}.Debug|Any CPU.ActiveCfg = Debug|Any CPU
		{1FFBDD85-4902-444A-B0EA-2D304EC2232E}.Debug|Any CPU.Build.0 = Debug|Any CPU
		{1FFBDD85-4902-444A-B0EA-2D304EC2232E}.Release|Any CPU.ActiveCfg = Release|Any CPU
		{1FFBDD85-4902-444A-B0EA-2D304EC2232E}.Release|Any CPU.Build.0 = Release|Any CPU
		{8B5BC6C5-A03D-4F4E-BB5C-79B72C8463DF}.Debug|Any CPU.ActiveCfg = Debug|Any CPU
		{8B5BC6C5-A03D-4F4E-BB5C-79B72C8463DF}.Debug|Any CPU.Build.0 = Debug|Any CPU
		{8B5BC6C5-A03D-4F4E-BB5C-79B72C8463DF}.Release|Any CPU.ActiveCfg = Release|Any CPU
		{8B5BC6C5-A03D-4F4E-BB5C-79B72C8463DF}.Release|Any CPU.Build.0 = Release|Any CPU
		{DA41D0A1-05FF-4F63-8A58-1702D1A79034}.Debug|Any CPU.ActiveCfg = Debug|Any CPU
		{DA41D0A1-05FF-4F63-8A58-1702D1A79034}.Debug|Any CPU.Build.0 = Debug|Any CPU
		{DA41D0A1-05FF-4F63-8A58-1702D1A79034}.Release|Any CPU.ActiveCfg = Release|Any CPU
		{DA41D0A1-05FF-4F63-8A58-1702D1A79034}.Release|Any CPU.Build.0 = Release|Any CPU
	EndGlobalSection
	GlobalSection(SolutionProperties) = preSolution
		HideSolutionNode = FALSE
	EndGlobalSection
	GlobalSection(ExtensibilityGlobals) = postSolution
		SolutionGuid = {5AD5D8A5-D8B5-43DB-8D4E-C8B4893B53B4}
	EndGlobalSection
EndGlobal
